
Microsoft Visual Studio Solution File, Format Version 12.00
# Visual Studio Version 17
VisualStudioVersion = 17.0.31903.59
MinimumVisualStudioVersion = 10.0.40219.1
Project("{FAE04EC0-301F-11D3-BF4B-00C04F79EFBC}") = "App", "App\App.csproj", "{AB74BAC6-56AE-4295-B7BF-0BA1D4EE15C9}"
EndProject
Project("{FAE04EC0-301F-11D3-BF4B-00C04F79EFBC}") = "Tests", "Tests\Tests.csproj", "{41696720-56D1-43C8-94B0-37503C3ED07B}"
EndProject
Global
	GlobalSection(SolutionConfigurationPlatforms) = preSolution
		Debug|Any CPU = Debug|Any CPU
		Release|Any CPU = Release|Any CPU
	EndGlobalSection
	GlobalSection(SolutionProperties) = preSolution
		HideSolutionNode = FALSE
	EndGlobalSection
	GlobalSection(ProjectConfigurationPlatforms) = postSolution
		{AB74BAC6-56AE-4295-B7BF-0BA1D4EE15C9}.Debug|Any CPU.ActiveCfg = Debug|Any CPU
		{AB74BAC6-56AE-4295-B7BF-0BA1D4EE15C9}.Debug|Any CPU.Build.0 = Debug|Any CPU
		{AB74BAC6-56AE-4295-B7BF-0BA1D4EE15C9}.Release|Any CPU.ActiveCfg = Release|Any CPU
		{AB74BAC6-56AE-4295-B7BF-0BA1D4EE15C9}.Release|Any CPU.Build.0 = Release|Any CPU
		{41696720-56D1-43C8-94B0-37503C3ED07B}.Debug|Any CPU.ActiveCfg = Debug|Any CPU
		{41696720-56D1-43C8-94B0-37503C3ED07B}.Debug|Any CPU.Build.0 = Debug|Any CPU
		{41696720-56D1-43C8-94B0-37503C3ED07B}.Release|Any CPU.ActiveCfg = Release|Any CPU
		{41696720-56D1-43C8-94B0-37503C3ED07B}.Release|Any CPU.Build.0 = Release|Any CPU
	EndGlobalSection
EndGlobal
